{
	"name": "europa-plugin-image",
	"version": "6.0.0",
	"lockfileVersion": 2,
	"requires": true,
	"packages": {
		"": {
			"name": "europa-plugin-image",
			"version": "6.0.0",
			"funding": [
				{
					"type": "individual",
					"url": "https://github.com/sponsors/neocotic"
				},
				{
					"type": "patreon",
					"url": "https://www.patreon.com/neocotic"
				}
			],
			"license": "MIT",
			"devDependencies": {
				"@types/jasmine": "^4.0.3"
			},
			"engines": {
				"node": "^12.20.0 || >=14"
			},
			"peerDependencies": {
				"europa-core": "^6.0.0"
			}
		},
		"node_modules/@types/jasmine": {
			"version": "4.0.3",
			"resolved": "https://registry.npmjs.org/@types/jasmine/-/jasmine-4.0.3.tgz",
			"integrity": "sha512-Opp1LvvEuZdk8fSSvchK2mZwhVrsNT0JgJE9Di6MjnaIpmEXM8TLCPPrVtNTYh8+5MPdY8j9bAHMu2SSfwpZJg==",
			"dev": true
		}
	},
	"dependencies": {
		"@types/jasmine": {
			"version": "4.0.3",
			"resolved": "https://registry.npmjs.org/@types/jasmine/-/jasmine-4.0.3.tgz",
			"integrity": "sha512-Opp1LvvEuZdk8fSSvchK2mZwhVrsNT0JgJE9Di6MjnaIpmEXM8TLCPPrVtNTYh8+5MPdY8j9bAHMu2SSfwpZJg==",
			"dev": true
		}
	}
}
